
Microsoft Visual Studio Solution File, Format Version 12.00
Project("{FAE04EC0-301F-11D3-BF4B-00C04F79EFBC}") = "Nsid", "src\Nsid\Nsid.csproj", "{DEF8BFDF-D1E1-42AF-984B-0D39481D3998}"
EndProject
Project("{2150E333-8FDC-42A3-9474-1A3956D46DE8}") = "src", "src", "{A4E6D00D-5953-40FE-BA89-07847E344750}"
EndProject
Global
	GlobalSection(SolutionConfigurationPlatforms) = preSolution
		Debug|Any CPU = Debug|Any CPU
		Release|Any CPU = Release|Any CPU
	EndGlobalSection
	GlobalSection(ProjectConfigurationPlatforms) = postSolution
		{DEF8BFDF-D1E1-42AF-984B-0D39481D3998}.Debug|Any CPU.ActiveCfg = Debug|Any CPU
		{DEF8BFDF-D1E1-42AF-984B-0D39481D3998}.Debug|Any CPU.Build.0 = Debug|Any CPU
		{DEF8BFDF-D1E1-42AF-984B-0D39481D3998}.Release|Any CPU.ActiveCfg = Release|Any CPU
		{DEF8BFDF-D1E1-42AF-984B-0D39481D3998}.Release|Any CPU.Build.0 = Release|Any CPU
	EndGlobalSection
	GlobalSection(NestedProjects) = preSolution
		{DEF8BFDF-D1E1-42AF-984B-0D39481D3998} = {A4E6D00D-5953-40FE-BA89-07847E344750}
	EndGlobalSection
EndGlobal
